
Microsoft Visual Studio Solution File, Format Version 12.00
# Visual Studio Version 17
VisualStudioVersion = 17.13.35913.81 d17.13
MinimumVisualStudioVersion = 10.0.40219.1
Project("{FAE04EC0-301F-11D3-BF4B-00C04F79EFBC}") = "errere", "errere.csproj", "{29421287-4475-47AC-AEBE-ED9BBFC7123A}"
EndProject
Global
	GlobalSection(SolutionConfigurationPlatforms) = preSolution
		Debug|Any CPU = Debug|Any CPU
		Release|Any CPU = Release|Any CPU
	EndGlobalSection
	GlobalSection(ProjectConfigurationPlatforms) = postSolution
		{29421287-4475-47AC-AEBE-ED9BBFC7123A}.Debug|Any CPU.ActiveCfg = Debug|Any CPU
		{29421287-4475-47AC-AEBE-ED9BBFC7123A}.Debug|Any CPU.Build.0 = Debug|Any CPU
		{29421287-4475-47AC-AEBE-ED9BBFC7123A}.Release|Any CPU.ActiveCfg = Release|Any CPU
		{29421287-4475-47AC-AEBE-ED9BBFC7123A}.Release|Any CPU.Build.0 = Release|Any CPU
	EndGlobalSection
	GlobalSection(SolutionProperties) = preSolution
		HideSolutionNode = FALSE
	EndGlobalSection
	GlobalSection(ExtensibilityGlobals) = postSolution
		SolutionGuid = {EAFA6DC5-664D-4814-B48C-5EB9E0265348}
	EndGlobalSection
EndGlobal
