
Microsoft Visual Studio Solution File, Format Version 12.00
# Visual Studio Version 17
VisualStudioVersion = 17.13.35913.81 d17.13
MinimumVisualStudioVersion = 10.0.40219.1
Project("{FAE04EC0-301F-11D3-BF4B-00C04F79EFBC}") = "ConsoleApp2111", "ConsoleApp2111.csproj", "{C8B9AD9A-0FE1-4F02-9628-C032C0301C20}"
EndProject
Global
	GlobalSection(SolutionConfigurationPlatforms) = preSolution
		Debug|Any CPU = Debug|Any CPU
		Release|Any CPU = Release|Any CPU
	EndGlobalSection
	GlobalSection(ProjectConfigurationPlatforms) = postSolution
		{C8B9AD9A-0FE1-4F02-9628-C032C0301C20}.Debug|Any CPU.ActiveCfg = Debug|Any CPU
		{C8B9AD9A-0FE1-4F02-9628-C032C0301C20}.Debug|Any CPU.Build.0 = Debug|Any CPU
		{C8B9AD9A-0FE1-4F02-9628-C032C0301C20}.Release|Any CPU.ActiveCfg = Release|Any CPU
		{C8B9AD9A-0FE1-4F02-9628-C032C0301C20}.Release|Any CPU.Build.0 = Release|Any CPU
	EndGlobalSection
	GlobalSection(SolutionProperties) = preSolution
		HideSolutionNode = FALSE
	EndGlobalSection
	GlobalSection(ExtensibilityGlobals) = postSolution
		SolutionGuid = {3BC0ED49-B9A6-4781-AB29-4225D8C3F559}
	EndGlobalSection
EndGlobal
