
Microsoft Visual Studio Solution File, Format Version 12.00
# Visual Studio Version 17
VisualStudioVersion = 17.13.35913.81 d17.13
MinimumVisualStudioVersion = 10.0.40219.1
Project("{FAE04EC0-301F-11D3-BF4B-00C04F79EFBC}") = "õk", "õk.csproj", "{16FACF73-23EC-43E7-AA3B-F5007E45E8CC}"
EndProject
Global
	GlobalSection(SolutionConfigurationPlatforms) = preSolution
		Debug|Any CPU = Debug|Any CPU
		Release|Any CPU = Release|Any CPU
	EndGlobalSection
	GlobalSection(ProjectConfigurationPlatforms) = postSolution
		{16FACF73-23EC-43E7-AA3B-F5007E45E8CC}.Debug|Any CPU.ActiveCfg = Debug|Any CPU
		{16FACF73-23EC-43E7-AA3B-F5007E45E8CC}.Debug|Any CPU.Build.0 = Debug|Any CPU
		{16FACF73-23EC-43E7-AA3B-F5007E45E8CC}.Release|Any CPU.ActiveCfg = Release|Any CPU
		{16FACF73-23EC-43E7-AA3B-F5007E45E8CC}.Release|Any CPU.Build.0 = Release|Any CPU
	EndGlobalSection
	GlobalSection(SolutionProperties) = preSolution
		HideSolutionNode = FALSE
	EndGlobalSection
	GlobalSection(ExtensibilityGlobals) = postSolution
		SolutionGuid = {55E25334-784A-4156-9F3E-FD681B11B84F}
	EndGlobalSection
EndGlobal
