
Microsoft Visual Studio Solution File, Format Version 12.00
# Visual Studio Version 17
VisualStudioVersion = 17.13.35913.81 d17.13
MinimumVisualStudioVersion = 10.0.40219.1
Project("{FAE04EC0-301F-11D3-BF4B-00C04F79EFBC}") = "ül6", "ül6.csproj", "{DA0F24F0-0595-45CC-9992-7D06F5876664}"
EndProject
Global
	GlobalSection(SolutionConfigurationPlatforms) = preSolution
		Debug|Any CPU = Debug|Any CPU
		Release|Any CPU = Release|Any CPU
	EndGlobalSection
	GlobalSection(ProjectConfigurationPlatforms) = postSolution
		{DA0F24F0-0595-45CC-9992-7D06F5876664}.Debug|Any CPU.ActiveCfg = Debug|Any CPU
		{DA0F24F0-0595-45CC-9992-7D06F5876664}.Debug|Any CPU.Build.0 = Debug|Any CPU
		{DA0F24F0-0595-45CC-9992-7D06F5876664}.Release|Any CPU.ActiveCfg = Release|Any CPU
		{DA0F24F0-0595-45CC-9992-7D06F5876664}.Release|Any CPU.Build.0 = Release|Any CPU
	EndGlobalSection
	GlobalSection(SolutionProperties) = preSolution
		HideSolutionNode = FALSE
	EndGlobalSection
	GlobalSection(ExtensibilityGlobals) = postSolution
		SolutionGuid = {0A314D4A-EDB2-4C4D-9521-62DE7E3C2212}
	EndGlobalSection
EndGlobal
