
Microsoft Visual Studio Solution File, Format Version 12.00
# Visual Studio Version 17
VisualStudioVersion = 17.13.35913.81 d17.13
MinimumVisualStudioVersion = 10.0.40219.1
Project("{FAE04EC0-301F-11D3-BF4B-00C04F79EFBC}") = "SõneÜlesanne2", "SõneÜlesanne2.csproj", "{BBDC73F5-C6F9-41BC-8168-982DE76A8315}"
EndProject
Global
	GlobalSection(SolutionConfigurationPlatforms) = preSolution
		Debug|Any CPU = Debug|Any CPU
		Release|Any CPU = Release|Any CPU
	EndGlobalSection
	GlobalSection(ProjectConfigurationPlatforms) = postSolution
		{BBDC73F5-C6F9-41BC-8168-982DE76A8315}.Debug|Any CPU.ActiveCfg = Debug|Any CPU
		{BBDC73F5-C6F9-41BC-8168-982DE76A8315}.Debug|Any CPU.Build.0 = Debug|Any CPU
		{BBDC73F5-C6F9-41BC-8168-982DE76A8315}.Release|Any CPU.ActiveCfg = Release|Any CPU
		{BBDC73F5-C6F9-41BC-8168-982DE76A8315}.Release|Any CPU.Build.0 = Release|Any CPU
	EndGlobalSection
	GlobalSection(SolutionProperties) = preSolution
		HideSolutionNode = FALSE
	EndGlobalSection
	GlobalSection(ExtensibilityGlobals) = postSolution
		SolutionGuid = {E2DFED09-2790-4454-A4B5-DBEE4AB7994C}
	EndGlobalSection
EndGlobal
