
Microsoft Visual Studio Solution File, Format Version 12.00
# Visual Studio Version 17
VisualStudioVersion = 17.13.35913.81 d17.13
MinimumVisualStudioVersion = 10.0.40219.1
Project("{FAE04EC0-301F-11D3-BF4B-00C04F79EFBC}") = "assasa", "assasa.csproj", "{E0C2E34A-292D-4001-A019-686BDFE059AE}"
EndProject
Global
	GlobalSection(SolutionConfigurationPlatforms) = preSolution
		Debug|Any CPU = Debug|Any CPU
		Release|Any CPU = Release|Any CPU
	EndGlobalSection
	GlobalSection(ProjectConfigurationPlatforms) = postSolution
		{E0C2E34A-292D-4001-A019-686BDFE059AE}.Debug|Any CPU.ActiveCfg = Debug|Any CPU
		{E0C2E34A-292D-4001-A019-686BDFE059AE}.Debug|Any CPU.Build.0 = Debug|Any CPU
		{E0C2E34A-292D-4001-A019-686BDFE059AE}.Release|Any CPU.ActiveCfg = Release|Any CPU
		{E0C2E34A-292D-4001-A019-686BDFE059AE}.Release|Any CPU.Build.0 = Release|Any CPU
	EndGlobalSection
	GlobalSection(SolutionProperties) = preSolution
		HideSolutionNode = FALSE
	EndGlobalSection
	GlobalSection(ExtensibilityGlobals) = postSolution
		SolutionGuid = {ED8004DE-5C2B-4339-9509-4859EAD21A63}
	EndGlobalSection
EndGlobal
